
Microsoft Visual Studio Solution File, Format Version 12.00
# Visual Studio 15
VisualStudioVersion = 15.0.28307.329
MinimumVisualStudioVersion = 10.0.40219.1
Project("{FAE04EC0-301F-11D3-BF4B-00C04F79EFBC}") = "RymeUniversitySite", "RymeUniversitySite\RymeUniversitySite.csproj", "{516B498C-84BC-40B9-A06F-36E27EC14B78}"
EndProject
Global
	GlobalSection(SolutionConfigurationPlatforms) = preSolution
		Debug|Any CPU = Debug|Any CPU
		Release|Any CPU = Release|Any CPU
	EndGlobalSection
	GlobalSection(ProjectConfigurationPlatforms) = postSolution
		{516B498C-84BC-40B9-A06F-36E27EC14B78}.Debug|Any CPU.ActiveCfg = Debug|Any CPU
		{516B498C-84BC-40B9-A06F-36E27EC14B78}.Debug|Any CPU.Build.0 = Debug|Any CPU
		{516B498C-84BC-40B9-A06F-36E27EC14B78}.Release|Any CPU.ActiveCfg = Release|Any CPU
		{516B498C-84BC-40B9-A06F-36E27EC14B78}.Release|Any CPU.Build.0 = Release|Any CPU
	EndGlobalSection
	GlobalSection(SolutionProperties) = preSolution
		HideSolutionNode = FALSE
	EndGlobalSection
	GlobalSection(ExtensibilityGlobals) = postSolution
		SolutionGuid = {DF7D559A-7341-467D-A7CA-348FF7D4A170}
	EndGlobalSection
EndGlobal
